// !$*UTF8*$!
{
	archiveVersion = 1;
	classes = {
	};
	objectVersion = 53;
	objects = {

/* Begin PBXBuildFile section */
		0144253B2866BC1600AE4579 /* FirebaseAnalytics in Frameworks */ = {isa = PBXBuildFile; productRef = 0144253A2866BC1600AE4579 /* FirebaseAnalytics */; };
		0144253D2866BC1700AE4579 /* FirebaseAuth in Frameworks */ = {isa = PBXBuildFile; productRef = 0144253C2866BC1700AE4579 /* FirebaseAuth */; };
		0144253F2866BC1700AE4579 /* FirebaseDatabase in Frameworks */ = {isa = PBXBuildFile; productRef = 0144253E2866BC1700AE4579 /* FirebaseDatabase */; };
		014425412866BC1700AE4579 /* FirebaseFirestore in Frameworks */ = {isa = PBXBuildFile; productRef = 014425402866BC1700AE4579 /* FirebaseFirestore */; };
		014425432866BD8200AE4579 /* HomeViewController.swift in Sources */ = {isa = PBXBuildFile; fileRef = 014425422866BD8200AE4579 /* HomeViewController.swift */; };
		0167D50C286A48AB000F0FD9 /* HomeViewController.xib in Resources */ = {isa = PBXBuildFile; fileRef = 0167D50B286A48AB000F0FD9 /* HomeViewController.xib */; };
		0167D50F286A6D42000F0FD9 /* FirebaseFirestoreSwift in Frameworks */ = {isa = PBXBuildFile; productRef = 0167D50E286A6D42000F0FD9 /* FirebaseFirestoreSwift */; };
		7C18F5C2285A2C3A00B78018 /* GoogleService-Info.plist in Resources */ = {isa = PBXBuildFile; fileRef = 7C18F5C1285A2C3A00B78018 /* GoogleService-Info.plist */; };
		7C2CA97D283091C200AC6023 /* AppDelegate.swift in Sources */ = {isa = PBXBuildFile; fileRef = 7C2CA97C283091C200AC6023 /* AppDelegate.swift */; };
		7C2CA97F283091C200AC6023 /* SceneDelegate.swift in Sources */ = {isa = PBXBuildFile; fileRef = 7C2CA97E283091C200AC6023 /* SceneDelegate.swift */; };
		7C2CA984283091C200AC6023 /* Main.storyboard in Resources */ = {isa = PBXBuildFile; fileRef = 7C2CA982283091C200AC6023 /* Main.storyboard */; };
		7C2CA986283091C500AC6023 /* Assets.xcassets in Resources */ = {isa = PBXBuildFile; fileRef = 7C2CA985283091C500AC6023 /* Assets.xcassets */; };
		7C2CA989283091C500AC6023 /* LaunchScreen.storyboard in Resources */ = {isa = PBXBuildFile; fileRef = 7C2CA987283091C500AC6023 /* LaunchScreen.storyboard */; };
		7C2CA9912830920600AC6023 /* LoginViewController.swift in Sources */ = {isa = PBXBuildFile; fileRef = 7C2CA9902830920600AC6023 /* LoginViewController.swift */; };
		7C2CA9932830928000AC6023 /* RegistrarViewController.swift in Sources */ = {isa = PBXBuildFile; fileRef = 7C2CA9922830928000AC6023 /* RegistrarViewController.swift */; };
		7C2CA995283092BC00AC6023 /* OlvidarContraViewController.swift in Sources */ = {isa = PBXBuildFile; fileRef = 7C2CA994283092BC00AC6023 /* OlvidarContraViewController.swift */; };
		7CE014A0287B828A0030A536 /* ContactosViewController.swift in Sources */ = {isa = PBXBuildFile; fileRef = 7CE0149F287B828A0030A536 /* ContactosViewController.swift */; };
		7CE014A2287E4A640030A536 /* Contactos.storyboard in Resources */ = {isa = PBXBuildFile; fileRef = 7CE014A1287E4A640030A536 /* Contactos.storyboard */; };
		7CE014A4287E6AFE0030A536 /* DetailContactoViewController.swift in Sources */ = {isa = PBXBuildFile; fileRef = 7CE014A3287E6AFE0030A536 /* DetailContactoViewController.swift */; };
		7CE014A6287E6BA00030A536 /* DetailUsuarioViewController.swift in Sources */ = {isa = PBXBuildFile; fileRef = 7CE014A5287E6BA00030A536 /* DetailUsuarioViewController.swift */; };
/* End PBXBuildFile section */

/* Begin PBXFileReference section */
		014425422866BD8200AE4579 /* HomeViewController.swift */ = {isa = PBXFileReference; lastKnownFileType = sourcecode.swift; path = HomeViewController.swift; sourceTree = "<group>"; };
		0167D50B286A48AB000F0FD9 /* HomeViewController.xib */ = {isa = PBXFileReference; lastKnownFileType = file.xib; path = HomeViewController.xib; sourceTree = "<group>"; };
		7C18F5C1285A2C3A00B78018 /* GoogleService-Info.plist */ = {isa = PBXFileReference; fileEncoding = 4; lastKnownFileType = text.plist.xml; path = "GoogleService-Info.plist"; sourceTree = "<group>"; };
		7C2CA979283091C200AC6023 /* 1147_CaraLibro.app */ = {isa = PBXFileReference; explicitFileType = wrapper.application; includeInIndex = 0; path = 1147_CaraLibro.app; sourceTree = BUILT_PRODUCTS_DIR; };
		7C2CA97C283091C200AC6023 /* AppDelegate.swift */ = {isa = PBXFileReference; lastKnownFileType = sourcecode.swift; path = AppDelegate.swift; sourceTree = "<group>"; };
		7C2CA97E283091C200AC6023 /* SceneDelegate.swift */ = {isa = PBXFileReference; lastKnownFileType = sourcecode.swift; path = SceneDelegate.swift; sourceTree = "<group>"; };
		7C2CA983283091C200AC6023 /* Base */ = {isa = PBXFileReference; lastKnownFileType = file.storyboard; name = Base; path = Base.lproj/Main.storyboard; sourceTree = "<group>"; };
		7C2CA985283091C500AC6023 /* Assets.xcassets */ = {isa = PBXFileReference; lastKnownFileType = folder.assetcatalog; path = Assets.xcassets; sourceTree = "<group>"; };
		7C2CA988283091C500AC6023 /* Base */ = {isa = PBXFileReference; lastKnownFileType = file.storyboard; name = Base; path = Base.lproj/LaunchScreen.storyboard; sourceTree = "<group>"; };
		7C2CA98A283091C500AC6023 /* Info.plist */ = {isa = PBXFileReference; lastKnownFileType = text.plist.xml; path = Info.plist; sourceTree = "<group>"; };
		7C2CA9902830920600AC6023 /* LoginViewController.swift */ = {isa = PBXFileReference; lastKnownFileType = sourcecode.swift; path = LoginViewController.swift; sourceTree = "<group>"; };
		7C2CA9922830928000AC6023 /* RegistrarViewController.swift */ = {isa = PBXFileReference; lastKnownFileType = sourcecode.swift; path = RegistrarViewController.swift; sourceTree = "<group>"; };
		7C2CA994283092BC00AC6023 /* OlvidarContraViewController.swift */ = {isa = PBXFileReference; lastKnownFileType = sourcecode.swift; path = OlvidarContraViewController.swift; sourceTree = "<group>"; };
		7CE0149F287B828A0030A536 /* ContactosViewController.swift */ = {isa = PBXFileReference; lastKnownFileType = sourcecode.swift; path = ContactosViewController.swift; sourceTree = "<group>"; };
		7CE014A1287E4A640030A536 /* Contactos.storyboard */ = {isa = PBXFileReference; lastKnownFileType = file.storyboard; path = Contactos.storyboard; sourceTree = "<group>"; };
		7CE014A3287E6AFE0030A536 /* DetailContactoViewController.swift */ = {isa = PBXFileReference; lastKnownFileType = sourcecode.swift; path = DetailContactoViewController.swift; sourceTree = "<group>"; };
		7CE014A5287E6BA00030A536 /* DetailUsuarioViewController.swift */ = {isa = PBXFileReference; lastKnownFileType = sourcecode.swift; path = DetailUsuarioViewController.swift; sourceTree = "<group>"; };
/* End PBXFileReference section */

/* Begin PBXFrameworksBuildPhase section */
		7C2CA976283091C200AC6023 /* Frameworks */ = {
			isa = PBXFrameworksBuildPhase;
			buildActionMask = 2147483647;
			files = (
				0167D50F286A6D42000F0FD9 /* FirebaseFirestoreSwift in Frameworks */,
				0144253F2866BC1700AE4579 /* FirebaseDatabase in Frameworks */,
				014425412866BC1700AE4579 /* FirebaseFirestore in Frameworks */,
				0144253B2866BC1600AE4579 /* FirebaseAnalytics in Frameworks */,
				0144253D2866BC1700AE4579 /* FirebaseAuth in Frameworks */,
			);
			runOnlyForDeploymentPostprocessing = 0;
		};
/* End PBXFrameworksBuildPhase section */

/* Begin PBXGroup section */
		0167D50D286A6D42000F0FD9 /* Frameworks */ = {
			isa = PBXGroup;
			children = (
			);
			name = Frameworks;
			sourceTree = "<group>";
		};
		7C2CA970283091C200AC6023 = {
			isa = PBXGroup;
			children = (
				7C2CA97B283091C200AC6023 /* 1147_CaraLibro */,
				7C2CA97A283091C200AC6023 /* Products */,
				0167D50D286A6D42000F0FD9 /* Frameworks */,
			);
			sourceTree = "<group>";
		};
		7C2CA97A283091C200AC6023 /* Products */ = {
			isa = PBXGroup;
			children = (
				7C2CA979283091C200AC6023 /* 1147_CaraLibro.app */,
			);
			name = Products;
			sourceTree = "<group>";
		};
		7C2CA97B283091C200AC6023 /* 1147_CaraLibro */ = {
			isa = PBXGroup;
			children = (
				7CE0149E287B801A0030A536 /* Storyboards */,
				7C2CA97C283091C200AC6023 /* AppDelegate.swift */,
				7C2CA97E283091C200AC6023 /* SceneDelegate.swift */,
				7C2CA985283091C500AC6023 /* Assets.xcassets */,
				7C2CA987283091C500AC6023 /* LaunchScreen.storyboard */,
				7C2CA98A283091C500AC6023 /* Info.plist */,
				7C2CA9902830920600AC6023 /* LoginViewController.swift */,
				7C2CA9922830928000AC6023 /* RegistrarViewController.swift */,
				7C2CA994283092BC00AC6023 /* OlvidarContraViewController.swift */,
				7C18F5C1285A2C3A00B78018 /* GoogleService-Info.plist */,
				014425422866BD8200AE4579 /* HomeViewController.swift */,
				7CE0149F287B828A0030A536 /* ContactosViewController.swift */,
				7CE014A3287E6AFE0030A536 /* DetailContactoViewController.swift */,
				7CE014A5287E6BA00030A536 /* DetailUsuarioViewController.swift */,
			);
			path = 1147_CaraLibro;
			sourceTree = "<group>";
		};
		7CE0149E287B801A0030A536 /* Storyboards */ = {
			isa = PBXGroup;
			children = (
				7C2CA982283091C200AC6023 /* Main.storyboard */,
				0167D50B286A48AB000F0FD9 /* HomeViewController.xib */,
				7CE014A1287E4A640030A536 /* Contactos.storyboard */,
			);
			path = Storyboards;
			sourceTree = "<group>";
		};
/* End PBXGroup section */

/* Begin PBXNativeTarget section */
		7C2CA978283091C200AC6023 /* 1147_CaraLibro */ = {
			isa = PBXNativeTarget;
			buildConfigurationList = 7C2CA98D283091C500AC6023 /* Build configuration list for PBXNativeTarget "1147_CaraLibro" */;
			buildPhases = (
				7C2CA975283091C200AC6023 /* Sources */,
				7C2CA976283091C200AC6023 /* Frameworks */,
				7C2CA977283091C200AC6023 /* Resources */,
			);
			buildRules = (
			);
			dependencies = (
			);
			name = 1147_CaraLibro;
			packageProductDependencies = (
				0144253A2866BC1600AE4579 /* FirebaseAnalytics */,
				0144253C2866BC1700AE4579 /* FirebaseAuth */,
				0144253E2866BC1700AE4579 /* FirebaseDatabase */,
				014425402866BC1700AE4579 /* FirebaseFirestore */,
				0167D50E286A6D42000F0FD9 /* FirebaseFirestoreSwift */,
			);
			productName = 1147_CaraLibro;
			productReference = 7C2CA979283091C200AC6023 /* 1147_CaraLibro.app */;
			productType = "com.apple.product-type.application";
		};
/* End PBXNativeTarget section */

/* Begin PBXProject section */
		7C2CA971283091C200AC6023 /* Project object */ = {
			isa = PBXProject;
			attributes = {
				BuildIndependentTargetsInParallel = 1;
				LastSwiftUpdateCheck = 1330;
				LastUpgradeCheck = 1330;
				TargetAttributes = {
					7C2CA978283091C200AC6023 = {
						CreatedOnToolsVersion = 13.3.1;
					};
				};
			};
			buildConfigurationList = 7C2CA974283091C200AC6023 /* Build configuration list for PBXProject "1147_CaraLibro" */;
			compatibilityVersion = "Xcode 11.0";
			developmentRegion = en;
			hasScannedForEncodings = 0;
			knownRegions = (
				en,
				Base,
			);
			mainGroup = 7C2CA970283091C200AC6023;
			packageReferences = (
				014425392866BC1600AE4579 /* XCRemoteSwiftPackageReference "firebase-ios-sdk" */,
			);
			productRefGroup = 7C2CA97A283091C200AC6023 /* Products */;
			projectDirPath = "";
			projectRoot = "";
			targets = (
				7C2CA978283091C200AC6023 /* 1147_CaraLibro */,
			);
		};
/* End PBXProject section */

/* Begin PBXResourcesBuildPhase section */
		7C2CA977283091C200AC6023 /* Resources */ = {
			isa = PBXResourcesBuildPhase;
			buildActionMask = 2147483647;
			files = (
				7C2CA989283091C500AC6023 /* LaunchScreen.storyboard in Resources */,
				7C18F5C2285A2C3A00B78018 /* GoogleService-Info.plist in Resources */,
				0167D50C286A48AB000F0FD9 /* HomeViewController.xib in Resources */,
				7C2CA986283091C500AC6023 /* Assets.xcassets in Resources */,
				7C2CA984283091C200AC6023 /* Main.storyboard in Resources */,
				7CE014A2287E4A640030A536 /* Contactos.storyboard in Resources */,
			);
			runOnlyForDeploymentPostprocessing = 0;
		};
/* End PBXResourcesBuildPhase section */

/* Begin PBXSourcesBuildPhase section */
		7C2CA975283091C200AC6023 /* Sources */ = {
			isa = PBXSourcesBuildPhase;
			buildActionMask = 2147483647;
			files = (
				7C2CA9912830920600AC6023 /* LoginViewController.swift in Sources */,
				7CE014A6287E6BA00030A536 /* DetailUsuarioViewController.swift in Sources */,
				7CE014A0287B828A0030A536 /* ContactosViewController.swift in Sources */,
				7CE014A4287E6AFE0030A536 /* DetailContactoViewController.swift in Sources */,
				7C2CA97D283091C200AC6023 /* AppDelegate.swift in Sources */,
				7C2CA995283092BC00AC6023 /* OlvidarContraViewController.swift in Sources */,
				7C2CA9932830928000AC6023 /* RegistrarViewController.swift in Sources */,
				7C2CA97F283091C200AC6023 /* SceneDelegate.swift in Sources */,
				014425432866BD8200AE4579 /* HomeViewController.swift in Sources */,
			);
			runOnlyForDeploymentPostprocessing = 0;
		};
/* End PBXSourcesBuildPhase section */

/* Begin PBXVariantGroup section */
		7C2CA982283091C200AC6023 /* Main.storyboard */ = {
			isa = PBXVariantGroup;
			children = (
				7C2CA983283091C200AC6023 /* Base */,
			);
			name = Main.storyboard;
			sourceTree = "<group>";
		};
		7C2CA987283091C500AC6023 /* LaunchScreen.storyboard */ = {
			isa = PBXVariantGroup;
			children = (
				7C2CA988283091C500AC6023 /* Base */,
			);
			name = LaunchScreen.storyboard;
			sourceTree = "<group>";
		};
/* End PBXVariantGroup section */

/* Begin XCBuildConfiguration section */
		7C2CA98B283091C500AC6023 /* Debug */ = {
			isa = XCBuildConfiguration;
			buildSettings = {
				ALWAYS_SEARCH_USER_PATHS = NO;
				CLANG_ANALYZER_NONNULL = YES;
				CLANG_ANALYZER_NUMBER_OBJECT_CONVERSION = YES_AGGRESSIVE;
				CLANG_CXX_LANGUAGE_STANDARD = "gnu++17";
				CLANG_ENABLE_MODULES = YES;
				CLANG_ENABLE_OBJC_ARC = YES;
				CLANG_ENABLE_OBJC_WEAK = YES;
				CLANG_WARN_BLOCK_CAPTURE_AUTORELEASING = YES;
				CLANG_WARN_BOOL_CONVERSION = YES;
				CLANG_WARN_COMMA = YES;
				CLANG_WARN_CONSTANT_CONVERSION = YES;
				CLANG_WARN_DEPRECATED_OBJC_IMPLEMENTATIONS = YES;
				CLANG_WARN_DIRECT_OBJC_ISA_USAGE = YES_ERROR;
				CLANG_WARN_DOCUMENTATION_COMMENTS = YES;
				CLANG_WARN_EMPTY_BODY = YES;
				CLANG_WARN_ENUM_CONVERSION = YES;
				CLANG_WARN_INFINITE_RECURSION = YES;
				CLANG_WARN_INT_CONVERSION = YES;
				CLANG_WARN_NON_LITERAL_NULL_CONVERSION = YES;
				CLANG_WARN_OBJC_IMPLICIT_RETAIN_SELF = YES;
				CLANG_WARN_OBJC_LITERAL_CONVERSION = YES;
				CLANG_WARN_OBJC_ROOT_CLASS = YES_ERROR;
				CLANG_WARN_QUOTED_INCLUDE_IN_FRAMEWORK_HEADER = YES;
				CLANG_WARN_RANGE_LOOP_ANALYSIS = YES;
				CLANG_WARN_STRICT_PROTOTYPES = YES;
				CLANG_WARN_SUSPICIOUS_MOVE = YES;
				CLANG_WARN_UNGUARDED_AVAILABILITY = YES_AGGRESSIVE;
				CLANG_WARN_UNREACHABLE_CODE = YES;
				CLANG_WARN__DUPLICATE_METHOD_MATCH = YES;
				COPY_PHASE_STRIP = NO;
				DEBUG_INFORMATION_FORMAT = dwarf;
				ENABLE_STRICT_OBJC_MSGSEND = YES;
				ENABLE_TESTABILITY = YES;
				GCC_C_LANGUAGE_STANDARD = gnu11;
				GCC_DYNAMIC_NO_PIC = NO;
				GCC_NO_COMMON_BLOCKS = YES;
				GCC_OPTIMIZATION_LEVEL = 0;
				GCC_PREPROCESSOR_DEFINITIONS = (
					"DEBUG=1",
					"$(inherited)",
				);
				GCC_WARN_64_TO_32_BIT_CONVERSION = YES;
				GCC_WARN_ABOUT_RETURN_TYPE = YES_ERROR;
				GCC_WARN_UNDECLARED_SELECTOR = YES;
				GCC_WARN_UNINITIALIZED_AUTOS = YES_AGGRESSIVE;
				GCC_WARN_UNUSED_FUNCTION = YES;
				GCC_WARN_UNUSED_VARIABLE = YES;
				IPHONEOS_DEPLOYMENT_TARGET = 15.4;
				MTL_ENABLE_DEBUG_INFO = INCLUDE_SOURCE;
				MTL_FAST_MATH = YES;
				ONLY_ACTIVE_ARCH = YES;
				SDKROOT = iphoneos;
				SWIFT_ACTIVE_COMPILATION_CONDITIONS = DEBUG;
				SWIFT_OPTIMIZATION_LEVEL = "-Onone";
			};
			name = Debug;
		};
		7C2CA98C283091C500AC6023 /* Release */ = {
			isa = XCBuildConfiguration;
			buildSettings = {
				ALWAYS_SEARCH_USER_PATHS = NO;
				CLANG_ANALYZER_NONNULL = YES;
				CLANG_ANALYZER_NUMBER_OBJECT_CONVERSION = YES_AGGRESSIVE;
				CLANG_CXX_LANGUAGE_STANDARD = "gnu++17";
				CLANG_ENABLE_MODULES = YES;
				CLANG_ENABLE_OBJC_ARC = YES;
				CLANG_ENABLE_OBJC_WEAK = YES;
				CLANG_WARN_BLOCK_CAPTURE_AUTORELEASING = YES;
				CLANG_WARN_BOOL_CONVERSION = YES;
				CLANG_WARN_COMMA = YES;
				CLANG_WARN_CONSTANT_CONVERSION = YES;
				CLANG_WARN_DEPRECATED_OBJC_IMPLEMENTATIONS = YES;
				CLANG_WARN_DIRECT_OBJC_ISA_USAGE = YES_ERROR;
				CLANG_WARN_DOCUMENTATION_COMMENTS = YES;
				CLANG_WARN_EMPTY_BODY = YES;
				CLANG_WARN_ENUM_CONVERSION = YES;
				CLANG_WARN_INFINITE_RECURSION = YES;
				CLANG_WARN_INT_CONVERSION = YES;
				CLANG_WARN_NON_LITERAL_NULL_CONVERSION = YES;
				CLANG_WARN_OBJC_IMPLICIT_RETAIN_SELF = YES;
				CLANG_WARN_OBJC_LITERAL_CONVERSION = YES;
				CLANG_WARN_OBJC_ROOT_CLASS = YES_ERROR;
				CLANG_WARN_QUOTED_INCLUDE_IN_FRAMEWORK_HEADER = YES;
				CLANG_WARN_RANGE_LOOP_ANALYSIS = YES;
				CLANG_WARN_STRICT_PROTOTYPES = YES;
				CLANG_WARN_SUSPICIOUS_MOVE = YES;
				CLANG_WARN_UNGUARDED_AVAILABILITY = YES_AGGRESSIVE;
				CLANG_WARN_UNREACHABLE_CODE = YES;
				CLANG_WARN__DUPLICATE_METHOD_MATCH = YES;
				COPY_PHASE_STRIP = NO;
				DEBUG_INFORMATION_FORMAT = "dwarf-with-dsym";
				ENABLE_NS_ASSERTIONS = NO;
				ENABLE_STRICT_OBJC_MSGSEND = YES;
				GCC_C_LANGUAGE_STANDARD = gnu11;
				GCC_NO_COMMON_BLOCKS = YES;
				GCC_WARN_64_TO_32_BIT_CONVERSION = YES;
				GCC_WARN_ABOUT_RETURN_TYPE = YES_ERROR;
				GCC_WARN_UNDECLARED_SELECTOR = YES;
				GCC_WARN_UNINITIALIZED_AUTOS = YES_AGGRESSIVE;
				GCC_WARN_UNUSED_FUNCTION = YES;
				GCC_WARN_UNUSED_VARIABLE = YES;
				IPHONEOS_DEPLOYMENT_TARGET = 15.4;
				MTL_ENABLE_DEBUG_INFO = NO;
				MTL_FAST_MATH = YES;
				SDKROOT = iphoneos;
				SWIFT_COMPILATION_MODE = wholemodule;
				SWIFT_OPTIMIZATION_LEVEL = "-O";
				VALIDATE_PRODUCT = YES;
			};
			name = Release;
		};
		7C2CA98E283091C500AC6023 /* Debug */ = {
			isa = XCBuildConfiguration;
			buildSettings = {
				ASSETCATALOG_COMPILER_APPICON_NAME = AppIcon;
				ASSETCATALOG_COMPILER_GLOBAL_ACCENT_COLOR_NAME = AccentColor;
				CODE_SIGN_STYLE = Automatic;
				CURRENT_PROJECT_VERSION = 1;
				GENERATE_INFOPLIST_FILE = YES;
				INFOPLIST_FILE = 1147_CaraLibro/Info.plist;
				INFOPLIST_KEY_UIApplicationSupportsIndirectInputEvents = YES;
				INFOPLIST_KEY_UILaunchStoryboardName = LaunchScreen;
				INFOPLIST_KEY_UIMainStoryboardFile = Main;
				INFOPLIST_KEY_UISupportedInterfaceOrientations_iPad = "UIInterfaceOrientationPortrait UIInterfaceOrientationPortraitUpsideDown UIInterfaceOrientationLandscapeLeft UIInterfaceOrientationLandscapeRight";
				INFOPLIST_KEY_UISupportedInterfaceOrientations_iPhone = "UIInterfaceOrientationPortrait UIInterfaceOrientationLandscapeLeft UIInterfaceOrientationLandscapeRight";
				IPHONEOS_DEPLOYMENT_TARGET = 13.0;
				LD_RUNPATH_SEARCH_PATHS = (
					"$(inherited)",
					"@executable_path/Frameworks",
				);
				MARKETING_VERSION = 1.0;
				PRODUCT_BUNDLE_IDENTIFIER = "com.isil.-147-CaraLibro";
				PRODUCT_NAME = "$(TARGET_NAME)";
				SWIFT_EMIT_LOC_STRINGS = YES;
				SWIFT_VERSION = 5.0;
				TARGETED_DEVICE_FAMILY = "1,2";
			};
			name = Debug;
		};
		7C2CA98F283091C500AC6023 /* Release */ = {
			isa = XCBuildConfiguration;
			buildSettings = {
				ASSETCATALOG_COMPILER_APPICON_NAME = AppIcon;
				ASSETCATALOG_COMPILER_GLOBAL_ACCENT_COLOR_NAME = AccentColor;
				CODE_SIGN_STYLE = Automatic;
				CURRENT_PROJECT_VERSION = 1;
				GENERATE_INFOPLIST_FILE = YES;
				INFOPLIST_FILE = 1147_CaraLibro/Info.plist;
				INFOPLIST_KEY_UIApplicationSupportsIndirectInputEvents = YES;
				INFOPLIST_KEY_UILaunchStoryboardName = LaunchScreen;
				INFOPLIST_KEY_UIMainStoryboardFile = Main;
				INFOPLIST_KEY_UISupportedInterfaceOrientations_iPad = "UIInterfaceOrientationPortrait UIInterfaceOrientationPortraitUpsideDown UIInterfaceOrientationLandscapeLeft UIInterfaceOrientationLandscapeRight";
				INFOPLIST_KEY_UISupportedInterfaceOrientations_iPhone = "UIInterfaceOrientationPortrait UIInterfaceOrientationLandscapeLeft UIInterfaceOrientationLandscapeRight";
				IPHONEOS_DEPLOYMENT_TARGET = 13.0;
				LD_RUNPATH_SEARCH_PATHS = (
					"$(inherited)",
					"@executable_path/Frameworks",
				);
				MARKETING_VERSION = 1.0;
				PRODUCT_BUNDLE_IDENTIFIER = "com.isil.-147-CaraLibro";
				PRODUCT_NAME = "$(TARGET_NAME)";
				SWIFT_EMIT_LOC_STRINGS = YES;
				SWIFT_VERSION = 5.0;
				TARGETED_DEVICE_FAMILY = "1,2";
			};
			name = Release;
		};
/* End XCBuildConfiguration section */

/* Begin XCConfigurationList section */
		7C2CA974283091C200AC6023 /* Build configuration list for PBXProject "1147_CaraLibro" */ = {
			isa = XCConfigurationList;
			buildConfigurations = (
				7C2CA98B283091C500AC6023 /* Debug */,
				7C2CA98C283091C500AC6023 /* Release */,
			);
			defaultConfigurationIsVisible = 0;
			defaultConfigurationName = Release;
		};
		7C2CA98D283091C500AC6023 /* Build configuration list for PBXNativeTarget "1147_CaraLibro" */ = {
			isa = XCConfigurationList;
			buildConfigurations = (
				7C2CA98E283091C500AC6023 /* Debug */,
				7C2CA98F283091C500AC6023 /* Release */,
			);
			defaultConfigurationIsVisible = 0;
			defaultConfigurationName = Release;
		};
/* End XCConfigurationList section */

/* Begin XCRemoteSwiftPackageReference section */
		014425392866BC1600AE4579 /* XCRemoteSwiftPackageReference "firebase-ios-sdk" */ = {
			isa = XCRemoteSwiftPackageReference;
			repositoryURL = "https://github.com/firebase/firebase-ios-sdk";
			requirement = {
				branch = master;
				kind = branch;
			};
		};
/* End XCRemoteSwiftPackageReference section */

/* Begin XCSwiftPackageProductDependency section */
		0144253A2866BC1600AE4579 /* FirebaseAnalytics */ = {
			isa = XCSwiftPackageProductDependency;
			package = 014425392866BC1600AE4579 /* XCRemoteSwiftPackageReference "firebase-ios-sdk" */;
			productName = FirebaseAnalytics;
		};
		0144253C2866BC1700AE4579 /* FirebaseAuth */ = {
			isa = XCSwiftPackageProductDependency;
			package = 014425392866BC1600AE4579 /* XCRemoteSwiftPackageReference "firebase-ios-sdk" */;
			productName = FirebaseAuth;
		};
		0144253E2866BC1700AE4579 /* FirebaseDatabase */ = {
			isa = XCSwiftPackageProductDependency;
			package = 014425392866BC1600AE4579 /* XCRemoteSwiftPackageReference "firebase-ios-sdk" */;
			productName = FirebaseDatabase;
		};
		014425402866BC1700AE4579 /* FirebaseFirestore */ = {
			isa = XCSwiftPackageProductDependency;
			package = 014425392866BC1600AE4579 /* XCRemoteSwiftPackageReference "firebase-ios-sdk" */;
			productName = FirebaseFirestore;
		};
		0167D50E286A6D42000F0FD9 /* FirebaseFirestoreSwift */ = {
			isa = XCSwiftPackageProductDependency;
			package = 014425392866BC1600AE4579 /* XCRemoteSwiftPackageReference "firebase-ios-sdk" */;
			productName = FirebaseFirestoreSwift;
		};
/* End XCSwiftPackageProductDependency section */
	};
	rootObject = 7C2CA971283091C200AC6023 /* Project object */;
}
